{
  "version": 4,
  "terraform_version": "1.6.0",
  "serial": 118,
  "lineage": "05bae837-7498-913e-d10b-4db2df06ebf2",
  "outputs": {
    "bastion-elvm": {
      "value": "158.160.44.56",
      "type": "string"
    }
  },
  "resources": [
    {
      "mode": "managed",
      "type": "yandex_compute_instance",
      "name": "bastion-elvm",
      "provider": "provider[\"registry.terraform.io/yandex-cloud/yandex\"]",
      "instances": [
        {
          "schema_version": 1,
          "attributes": {
            "allow_recreate": null,
            "allow_stopping_for_update": null,
            "boot_disk": [
              {
                "auto_delete": true,
                "device_name": "fhmjno90llhjsf2bma1k",
                "disk_id": "fhmjno90llhjsf2bma1k",
                "initialize_params": [
                  {
                    "block_size": 4096,
                    "description": "",
                    "image_id": "fd8suc83g7bvp2o7edee",
                    "name": "",
                    "size": 10,
                    "snapshot_id": "",
                    "type": "network-ssd"
                  }
                ],
                "mode": "READ_WRITE"
              }
            ],
            "created_at": "2023-10-25T09:36:49Z",
            "description": "",
            "filesystem": [],
            "folder_id": "b1gddp1e85vunop76vcr",
            "fqdn": "bastion-elvm.ru-central1.internal",
            "gpu_cluster_id": "",
            "hostname": "bastion-elvm",
            "id": "fhmb92evom115i2h16s5",
            "labels": null,
            "local_disk": [],
            "metadata": {
              "serial-port-enable": "1",
              "user-data": "#cloud-config\nusers:\n  - name: bastion\n    groups: sudo\n    shell: /bin/bash\n    sudo: ['ALL=(ALL) NOPASSWD:ALL']\n    ssh-authorized-keys:\n      - ssh-ed25519 AAAAC3NzaC1lZDI1NTE5AAAAIH/NTJ9DmsqtiiQpivsKLjYOrmQ65uReDMUzfS/HobpR igor@debian\n  \n##### ssh-agent #####\n##\n## eval \"$(ssh-agent -s)\"; ssh-add ~/.ssh/id_ed25519\n"
            },
            "metadata_options": [
              {
                "aws_v1_http_endpoint": 1,
                "aws_v1_http_token": 2,
                "gce_http_endpoint": 1,
                "gce_http_token": 1
              }
            ],
            "name": "bastion-elvm",
            "network_acceleration_type": "standard",
            "network_interface": [
              {
                "dns_record": [],
                "index": 0,
                "ip_address": "172.16.120.254",
                "ipv4": true,
                "ipv6": false,
                "ipv6_address": "",
                "ipv6_dns_record": [],
                "mac_address": "d0:0d:b4:89:df:c5",
                "nat": true,
                "nat_dns_record": [],
                "nat_ip_address": "158.160.44.56",
                "nat_ip_version": "IPV4",
                "security_group_ids": [],
                "subnet_id": "e9b0o732mpt7hqb2afm3"
              }
            ],
            "placement_policy": [
              {
                "host_affinity_rules": [],
                "placement_group_id": ""
              }
            ],
            "platform_id": "standard-v3",
            "resources": [
              {
                "core_fraction": 20,
                "cores": 2,
                "gpus": 0,
                "memory": 2
              }
            ],
            "scheduling_policy": [
              {
                "preemptible": true
              }
            ],
            "secondary_disk": [],
            "service_account_id": "",
            "status": "running",
            "timeouts": null,
            "zone": "ru-central1-a"
          },
          "sensitive_attributes": [],
          "private": "eyJlMmJmYjczMC1lY2FhLTExZTYtOGY4OC0zNDM2M2JjN2M0YzAiOnsiY3JlYXRlIjozMDAwMDAwMDAwMDAsImRlbGV0ZSI6MzAwMDAwMDAwMDAwLCJ1cGRhdGUiOjMwMDAwMDAwMDAwMH0sInNjaGVtYV92ZXJzaW9uIjoiMSJ9",
          "dependencies": [
            "yandex_vpc_network.network-elvm",
            "yandex_vpc_subnet.subnet-internal-bastion"
          ]
        }
      ]
    },
    {
      "mode": "managed",
      "type": "yandex_compute_snapshot",
      "name": "snapshot",
      "provider": "provider[\"registry.terraform.io/yandex-cloud/yandex\"]",
      "instances": [
        {
          "schema_version": 0,
          "attributes": {
            "created_at": "2023-10-25T09:37:33Z",
            "description": "Снимок диска",
            "disk_size": 10,
            "folder_id": "b1gddp1e85vunop76vcr",
            "id": "fd8d0vckdnef7cv50fob",
            "labels": null,
            "name": "my-snapshot",
            "source_disk_id": "fhmjno90llhjsf2bma1k",
            "storage_size": 2,
            "timeouts": null
          },
          "sensitive_attributes": [],
          "private": "eyJlMmJmYjczMC1lY2FhLTExZTYtOGY4OC0zNDM2M2JjN2M0YzAiOnsiY3JlYXRlIjoxMjAwMDAwMDAwMDAwLCJkZWxldGUiOjEyMDAwMDAwMDAwMDAsInVwZGF0ZSI6MTIwMDAwMDAwMDAwMH19",
          "dependencies": [
            "yandex_compute_instance.bastion-elvm",
            "yandex_vpc_network.network-elvm",
            "yandex_vpc_subnet.subnet-internal-bastion"
          ]
        }
      ]
    },
    {
      "mode": "managed",
      "type": "yandex_compute_snapshot_schedule",
      "name": "snapshot",
      "provider": "provider[\"registry.terraform.io/yandex-cloud/yandex\"]",
      "instances": [
        {
          "schema_version": 0,
          "attributes": {
            "created_at": "2023-10-25T09:37:33Z",
            "description": "",
            "disk_ids": [
              "fhmjno90llhjsf2bma1k"
            ],
            "folder_id": "b1gddp1e85vunop76vcr",
            "id": "fd8c8hk84dj1qctelt47",
            "labels": {
              "snapshot-label": "schedule-snapshot-bastion-elvm"
            },
            "name": "bastion-elvm",
            "retention_period": "12h0m0s",
            "schedule_policy": [
              {
                "expression": "0 0 * * *",
                "start_at": "1970-01-01T00:00:00Z"
              }
            ],
            "snapshot_count": 0,
            "snapshot_spec": [
              {
                "description": "retention-snapshot",
                "labels": {
                  "snapshot-label": "spec-snapshot-bastion-elvm"
                }
              }
            ],
            "status": "active",
            "timeouts": null
          },
          "sensitive_attributes": [],
          "private": "eyJlMmJmYjczMC1lY2FhLTExZTYtOGY4OC0zNDM2M2JjN2M0YzAiOnsiY3JlYXRlIjozMDAwMDAwMDAwMDAsImRlbGV0ZSI6MzAwMDAwMDAwMDAwLCJ1cGRhdGUiOjMwMDAwMDAwMDAwMH19",
          "dependencies": [
            "yandex_compute_instance.bastion-elvm",
            "yandex_vpc_network.network-elvm",
            "yandex_vpc_subnet.subnet-internal-bastion"
          ]
        }
      ]
    },
    {
      "mode": "managed",
      "type": "yandex_vpc_network",
      "name": "network-elvm",
      "provider": "provider[\"registry.terraform.io/yandex-cloud/yandex\"]",
      "instances": [
        {
          "schema_version": 0,
          "attributes": {
            "created_at": "2023-10-25T09:36:46Z",
            "default_security_group_id": "enppr17j52b5v2t5q12h",
            "description": "",
            "folder_id": "b1gddp1e85vunop76vcr",
            "id": "enpqksiikj08t1m9ndmh",
            "labels": {},
            "name": "network-elvm",
            "subnet_ids": [],
            "timeouts": null
          },
          "sensitive_attributes": [],
          "private": "eyJlMmJmYjczMC1lY2FhLTExZTYtOGY4OC0zNDM2M2JjN2M0YzAiOnsiY3JlYXRlIjo2MDAwMDAwMDAwMCwiZGVsZXRlIjo2MDAwMDAwMDAwMCwidXBkYXRlIjo2MDAwMDAwMDAwMH19"
        }
      ]
    },
    {
      "mode": "managed",
      "type": "yandex_vpc_subnet",
      "name": "subnet-a",
      "provider": "provider[\"registry.terraform.io/yandex-cloud/yandex\"]",
      "instances": [
        {
          "schema_version": 0,
          "attributes": {
            "created_at": "2023-10-25T09:36:49Z",
            "description": "myNetwork-subnet-a description",
            "dhcp_options": [],
            "folder_id": "b1gddp1e85vunop76vcr",
            "id": "e9b3iub74prflmb270fh",
            "labels": {},
            "name": "subnet-a",
            "network_id": "enpqksiikj08t1m9ndmh",
            "route_table_id": "",
            "timeouts": null,
            "v4_cidr_blocks": [
              "172.16.121.0/24"
            ],
            "v6_cidr_blocks": [],
            "zone": "ru-central1-a"
          },
          "sensitive_attributes": [],
          "private": "eyJlMmJmYjczMC1lY2FhLTExZTYtOGY4OC0zNDM2M2JjN2M0YzAiOnsiY3JlYXRlIjoxODAwMDAwMDAwMDAsImRlbGV0ZSI6MTgwMDAwMDAwMDAwLCJ1cGRhdGUiOjE4MDAwMDAwMDAwMH19",
          "dependencies": [
            "yandex_vpc_network.network-elvm"
          ]
        }
      ]
    },
    {
      "mode": "managed",
      "type": "yandex_vpc_subnet",
      "name": "subnet-internal-bastion",
      "provider": "provider[\"registry.terraform.io/yandex-cloud/yandex\"]",
      "instances": [
        {
          "schema_version": 0,
          "attributes": {
            "created_at": "2023-10-25T09:36:48Z",
            "description": "myNetwork-subnet description",
            "dhcp_options": [],
            "folder_id": "b1gddp1e85vunop76vcr",
            "id": "e9b0o732mpt7hqb2afm3",
            "labels": {},
            "name": "subnet-internal-bastion",
            "network_id": "enpqksiikj08t1m9ndmh",
            "route_table_id": "",
            "timeouts": null,
            "v4_cidr_blocks": [
              "172.16.120.0/24"
            ],
            "v6_cidr_blocks": [],
            "zone": "ru-central1-a"
          },
          "sensitive_attributes": [],
          "private": "eyJlMmJmYjczMC1lY2FhLTExZTYtOGY4OC0zNDM2M2JjN2M0YzAiOnsiY3JlYXRlIjoxODAwMDAwMDAwMDAsImRlbGV0ZSI6MTgwMDAwMDAwMDAwLCJ1cGRhdGUiOjE4MDAwMDAwMDAwMH19",
          "dependencies": [
            "yandex_vpc_network.network-elvm"
          ]
        }
      ]
    }
  ],
  "check_results": null
}
