{
  "version": 4,
  "terraform_version": "1.5.6",
  "serial": 139,
  "lineage": "23de53f4-36ae-8e9c-303d-2f3b974063d9",
  "outputs": {
    "external_ip_address_websrv-elvm-1": {
      "value": "62.84.112.45",
      "type": "string"
    },
    "external_ip_address_websrv-elvm-2": {
      "value": "84.201.162.172",
      "type": "string"
    },
    "internal_ip_address_websrv-elvm-1": {
      "value": "192.168.10.18",
      "type": "string"
    },
    "internal_ip_address_websrv-elvm-2": {
      "value": "192.168.20.25",
      "type": "string"
    }
  },
  "resources": [
    {
      "mode": "managed",
      "type": "yandex_compute_instance",
      "name": "websrv-elvm-1",
      "provider": "provider[\"registry.terraform.io/yandex-cloud/yandex\"]",
      "instances": [
        {
          "schema_version": 1,
          "attributes": {
            "allow_recreate": null,
            "allow_stopping_for_update": null,
            "boot_disk": [
              {
                "auto_delete": true,
                "device_name": "fhmao258af2q2qcqajtj",
                "disk_id": "fhmao258af2q2qcqajtj",
                "initialize_params": [
                  {
                    "block_size": 4096,
                    "description": "",
                    "image_id": "fd8suc83g7bvp2o7edee",
                    "name": "",
                    "size": 10,
                    "snapshot_id": "",
                    "type": "network-ssd"
                  }
                ],
                "mode": "READ_WRITE"
              }
            ],
            "created_at": "2023-10-04T21:31:51Z",
            "description": "",
            "filesystem": [],
            "folder_id": "b1gddp1e85vunop76vcr",
            "fqdn": "websrv-elvm-1.ru-central1.internal",
            "gpu_cluster_id": "",
            "hostname": "websrv-elvm-1",
            "id": "fhmh3soaia5q3pbpgto4",
            "labels": null,
            "local_disk": [],
            "metadata": {
              "serial-port-enable": "1",
              "user-data": "#cloud-config\nusers:\n  - name: igor  # eval \"$(ssh-agent -s)\"; ssh-add ~/.ssh/id_rsa\n    groups: sudo\n    shell: /bin/bash\n    sudo: ['ALL=(ALL) NOPASSWD:ALL']\n    ssh-authorized-keys:\n     # - ssh-ed25519 AAAAC3NzaC1lZDI1NTE5AAAAIH/NTJ9DmsqtiiQpivsKLjYOrmQ65uReDMUzfS/HobpR igor@debian\n      - ssh-ed25519 AAAAC3NzaC1lZDI1NTE5AAAAIGpuh54L6jfdIKSj1ugnHP6SGT9+iSp9hKHx9y57nkJh igor@deb1\n"
            },
            "metadata_options": [
              {
                "aws_v1_http_endpoint": 1,
                "aws_v1_http_token": 2,
                "gce_http_endpoint": 1,
                "gce_http_token": 1
              }
            ],
            "name": "websrv-elvm-1",
            "network_acceleration_type": "standard",
            "network_interface": [
              {
                "dns_record": [],
                "index": 0,
                "ip_address": "192.168.10.18",
                "ipv4": true,
                "ipv6": false,
                "ipv6_address": "",
                "ipv6_dns_record": [],
                "mac_address": "d0:0d:11:1f:30:a9",
                "nat": true,
                "nat_dns_record": [],
                "nat_ip_address": "62.84.112.45",
                "nat_ip_version": "IPV4",
                "security_group_ids": [],
                "subnet_id": "e9b82mvcrqg9svomdril"
              }
            ],
            "placement_policy": [
              {
                "host_affinity_rules": [],
                "placement_group_id": ""
              }
            ],
            "platform_id": "standard-v3",
            "resources": [
              {
                "core_fraction": 20,
                "cores": 2,
                "gpus": 0,
                "memory": 2
              }
            ],
            "scheduling_policy": [
              {
                "preemptible": false
              }
            ],
            "secondary_disk": [],
            "service_account_id": "",
            "status": "running",
            "timeouts": null,
            "zone": "ru-central1-a"
          },
          "sensitive_attributes": [],
          "private": "eyJlMmJmYjczMC1lY2FhLTExZTYtOGY4OC0zNDM2M2JjN2M0YzAiOnsiY3JlYXRlIjozMDAwMDAwMDAwMDAsImRlbGV0ZSI6MzAwMDAwMDAwMDAwLCJ1cGRhdGUiOjMwMDAwMDAwMDAwMH0sInNjaGVtYV92ZXJzaW9uIjoiMSJ9",
          "dependencies": [
            "yandex_vpc_network.network-elvm",
            "yandex_vpc_subnet.subnet-a"
          ]
        }
      ]
    },
    {
      "mode": "managed",
      "type": "yandex_compute_instance",
      "name": "websrv-elvm-2",
      "provider": "provider[\"registry.terraform.io/yandex-cloud/yandex\"]",
      "instances": [
        {
          "schema_version": 1,
          "attributes": {
            "allow_recreate": null,
            "allow_stopping_for_update": null,
            "boot_disk": [
              {
                "auto_delete": true,
                "device_name": "epdgd6pkvflcjpjsqg95",
                "disk_id": "epdgd6pkvflcjpjsqg95",
                "initialize_params": [
                  {
                    "block_size": 4096,
                    "description": "",
                    "image_id": "fd8suc83g7bvp2o7edee",
                    "name": "",
                    "size": 10,
                    "snapshot_id": "",
                    "type": "network-ssd"
                  }
                ],
                "mode": "READ_WRITE"
              }
            ],
            "created_at": "2023-10-04T21:31:50Z",
            "description": "",
            "filesystem": [],
            "folder_id": "b1gddp1e85vunop76vcr",
            "fqdn": "websrv-elvm-2.ru-central1.internal",
            "gpu_cluster_id": "",
            "hostname": "websrv-elvm-2",
            "id": "epdm79ij73651vooqgat",
            "labels": null,
            "local_disk": [],
            "metadata": {
              "serial-port-enable": "1",
              "user-data": "#cloud-config\nusers:\n  - name: igor  # eval \"$(ssh-agent -s)\"; ssh-add ~/.ssh/id_rsa\n    groups: sudo\n    shell: /bin/bash\n    sudo: ['ALL=(ALL) NOPASSWD:ALL']\n    ssh-authorized-keys:\n     # - ssh-ed25519 AAAAC3NzaC1lZDI1NTE5AAAAIH/NTJ9DmsqtiiQpivsKLjYOrmQ65uReDMUzfS/HobpR igor@debian\n      - ssh-ed25519 AAAAC3NzaC1lZDI1NTE5AAAAIGpuh54L6jfdIKSj1ugnHP6SGT9+iSp9hKHx9y57nkJh igor@deb1\n"
            },
            "metadata_options": [
              {
                "aws_v1_http_endpoint": 1,
                "aws_v1_http_token": 2,
                "gce_http_endpoint": 1,
                "gce_http_token": 1
              }
            ],
            "name": "websrv-elvm-2",
            "network_acceleration_type": "standard",
            "network_interface": [
              {
                "dns_record": [],
                "index": 0,
                "ip_address": "192.168.20.25",
                "ipv4": true,
                "ipv6": false,
                "ipv6_address": "",
                "ipv6_dns_record": [],
                "mac_address": "d0:0d:16:3a:65:33",
                "nat": true,
                "nat_dns_record": [],
                "nat_ip_address": "84.201.162.172",
                "nat_ip_version": "IPV4",
                "security_group_ids": [],
                "subnet_id": "e2l1nnpjv8r9bgdlmirg"
              }
            ],
            "placement_policy": [
              {
                "host_affinity_rules": [],
                "placement_group_id": ""
              }
            ],
            "platform_id": "standard-v3",
            "resources": [
              {
                "core_fraction": 20,
                "cores": 2,
                "gpus": 0,
                "memory": 2
              }
            ],
            "scheduling_policy": [
              {
                "preemptible": false
              }
            ],
            "secondary_disk": [],
            "service_account_id": "",
            "status": "running",
            "timeouts": null,
            "zone": "ru-central1-b"
          },
          "sensitive_attributes": [],
          "private": "eyJlMmJmYjczMC1lY2FhLTExZTYtOGY4OC0zNDM2M2JjN2M0YzAiOnsiY3JlYXRlIjozMDAwMDAwMDAwMDAsImRlbGV0ZSI6MzAwMDAwMDAwMDAwLCJ1cGRhdGUiOjMwMDAwMDAwMDAwMH0sInNjaGVtYV92ZXJzaW9uIjoiMSJ9",
          "dependencies": [
            "yandex_vpc_network.network-elvm",
            "yandex_vpc_subnet.subnet-b"
          ]
        }
      ]
    },
    {
      "mode": "managed",
      "type": "yandex_vpc_network",
      "name": "network-elvm",
      "provider": "provider[\"registry.terraform.io/yandex-cloud/yandex\"]",
      "instances": [
        {
          "schema_version": 0,
          "attributes": {
            "created_at": "2023-10-04T21:31:47Z",
            "default_security_group_id": "enp9elb4fatfcu3ok2n8",
            "description": "",
            "folder_id": "b1gddp1e85vunop76vcr",
            "id": "enplrocj93a31g5e837r",
            "labels": {},
            "name": "network-elvm",
            "subnet_ids": [],
            "timeouts": null
          },
          "sensitive_attributes": [],
          "private": "eyJlMmJmYjczMC1lY2FhLTExZTYtOGY4OC0zNDM2M2JjN2M0YzAiOnsiY3JlYXRlIjo2MDAwMDAwMDAwMCwiZGVsZXRlIjo2MDAwMDAwMDAwMCwidXBkYXRlIjo2MDAwMDAwMDAwMH19"
        }
      ]
    },
    {
      "mode": "managed",
      "type": "yandex_vpc_subnet",
      "name": "subnet-a",
      "provider": "provider[\"registry.terraform.io/yandex-cloud/yandex\"]",
      "instances": [
        {
          "schema_version": 0,
          "attributes": {
            "created_at": "2023-10-04T21:31:50Z",
            "description": "",
            "dhcp_options": [],
            "folder_id": "b1gddp1e85vunop76vcr",
            "id": "e9b82mvcrqg9svomdril",
            "labels": {},
            "name": "subnet-a",
            "network_id": "enplrocj93a31g5e837r",
            "route_table_id": "",
            "timeouts": null,
            "v4_cidr_blocks": [
              "192.168.10.0/24"
            ],
            "v6_cidr_blocks": [],
            "zone": "ru-central1-a"
          },
          "sensitive_attributes": [],
          "private": "eyJlMmJmYjczMC1lY2FhLTExZTYtOGY4OC0zNDM2M2JjN2M0YzAiOnsiY3JlYXRlIjoxODAwMDAwMDAwMDAsImRlbGV0ZSI6MTgwMDAwMDAwMDAwLCJ1cGRhdGUiOjE4MDAwMDAwMDAwMH19",
          "dependencies": [
            "yandex_vpc_network.network-elvm"
          ]
        }
      ]
    },
    {
      "mode": "managed",
      "type": "yandex_vpc_subnet",
      "name": "subnet-b",
      "provider": "provider[\"registry.terraform.io/yandex-cloud/yandex\"]",
      "instances": [
        {
          "schema_version": 0,
          "attributes": {
            "created_at": "2023-10-04T21:31:49Z",
            "description": "",
            "dhcp_options": [],
            "folder_id": "b1gddp1e85vunop76vcr",
            "id": "e2l1nnpjv8r9bgdlmirg",
            "labels": {},
            "name": "subnet-b",
            "network_id": "enplrocj93a31g5e837r",
            "route_table_id": "",
            "timeouts": null,
            "v4_cidr_blocks": [
              "192.168.20.0/24"
            ],
            "v6_cidr_blocks": [],
            "zone": "ru-central1-b"
          },
          "sensitive_attributes": [],
          "private": "eyJlMmJmYjczMC1lY2FhLTExZTYtOGY4OC0zNDM2M2JjN2M0YzAiOnsiY3JlYXRlIjoxODAwMDAwMDAwMDAsImRlbGV0ZSI6MTgwMDAwMDAwMDAwLCJ1cGRhdGUiOjE4MDAwMDAwMDAwMH19",
          "dependencies": [
            "yandex_vpc_network.network-elvm"
          ]
        }
      ]
    }
  ],
  "check_results": null
}
