{
  "version": 4,
  "terraform_version": "1.6.0",
  "serial": 248,
  "lineage": "f7a0995c-c215-2c1f-3f73-c62c4f0b9a83",
  "outputs": {
    "external_ip_address_bastion-elvm": {
      "value": "51.250.84.86",
      "type": "string"
    },
    "internal_ip_address_bastion-elvm": {
      "value": "172.16.17.14",
      "type": "string"
    }
  },
  "resources": [
    {
      "mode": "managed",
      "type": "yandex_compute_instance",
      "name": "bastion-elvm",
      "provider": "provider[\"registry.terraform.io/yandex-cloud/yandex\"]",
      "instances": [
        {
          "schema_version": 1,
          "attributes": {
            "allow_recreate": null,
            "allow_stopping_for_update": null,
            "boot_disk": [
              {
                "auto_delete": true,
                "device_name": "fhm5iqnn9d0dldvngpoo",
                "disk_id": "fhm5iqnn9d0dldvngpoo",
                "initialize_params": [
                  {
                    "block_size": 4096,
                    "description": "",
                    "image_id": "fd8suc83g7bvp2o7edee",
                    "name": "",
                    "size": 10,
                    "snapshot_id": "",
                    "type": "network-ssd"
                  }
                ],
                "mode": "READ_WRITE"
              }
            ],
            "created_at": "2023-10-05T19:58:24Z",
            "description": "",
            "filesystem": [],
            "folder_id": "b1gddp1e85vunop76vcr",
            "fqdn": "bastion-elvm.ru-central1.internal",
            "gpu_cluster_id": "",
            "hostname": "bastion-elvm",
            "id": "fhmqhf4ldgbherrg2e98",
            "labels": null,
            "local_disk": [],
            "metadata": {
              "serial-port-enable": "1",
              "user-data": "#cloud-config\nusers:\n  - name: igor  # eval \"$(ssh-agent -s)\"; ssh-add ~/.ssh/id_rsa\n    groups: sudo\n    shell: /bin/bash\n    sudo: ['ALL=(ALL) NOPASSWD:ALL']\n    ssh-authorized-keys:\n      - ssh-ed25519 AAAAC3NzaC1lZDI1NTE5AAAAIH/NTJ9DmsqtiiQpivsKLjYOrmQ65uReDMUzfS/HobpR igor@debian\n      - ssh-ed25519 AAAAC3NzaC1lZDI1NTE5AAAAIGpuh54L6jfdIKSj1ugnHP6SGT9+iSp9hKHx9y57nkJh igor@deb1\n"
            },
            "metadata_options": [
              {
                "aws_v1_http_endpoint": 1,
                "aws_v1_http_token": 2,
                "gce_http_endpoint": 1,
                "gce_http_token": 1
              }
            ],
            "name": "bastion-elvm",
            "network_acceleration_type": "standard",
            "network_interface": [
              {
                "dns_record": [],
                "index": 0,
                "ip_address": "172.16.17.14",
                "ipv4": true,
                "ipv6": false,
                "ipv6_address": "",
                "ipv6_dns_record": [],
                "mac_address": "d0:0d:1a:8b:c9:56",
                "nat": true,
                "nat_dns_record": [],
                "nat_ip_address": "51.250.84.86",
                "nat_ip_version": "IPV4",
                "security_group_ids": [],
                "subnet_id": "e9bpflpgbsr4q4gev752"
              }
            ],
            "placement_policy": [
              {
                "host_affinity_rules": [],
                "placement_group_id": ""
              }
            ],
            "platform_id": "standard-v3",
            "resources": [
              {
                "core_fraction": 20,
                "cores": 2,
                "gpus": 0,
                "memory": 2
              }
            ],
            "scheduling_policy": [
              {
                "preemptible": false
              }
            ],
            "secondary_disk": [],
            "service_account_id": "",
            "status": "running",
            "timeouts": null,
            "zone": "ru-central1-a"
          },
          "sensitive_attributes": [],
          "private": "eyJlMmJmYjczMC1lY2FhLTExZTYtOGY4OC0zNDM2M2JjN2M0YzAiOnsiY3JlYXRlIjozMDAwMDAwMDAwMDAsImRlbGV0ZSI6MzAwMDAwMDAwMDAwLCJ1cGRhdGUiOjMwMDAwMDAwMDAwMH0sInNjaGVtYV92ZXJzaW9uIjoiMSJ9",
          "dependencies": [
            "yandex_vpc_network.my-external-Network",
            "yandex_vpc_subnet.my-external-subnet"
          ]
        }
      ]
    },
    {
      "mode": "managed",
      "type": "yandex_vpc_default_security_group",
      "name": "internal-bastion-sg",
      "provider": "provider[\"registry.terraform.io/yandex-cloud/yandex\"]",
      "instances": [
        {
          "schema_version": 0,
          "attributes": {
            "created_at": "2023-10-05T19:58:19Z",
            "description": "internal-bastion-sg",
            "egress": [
              {
                "description": "",
                "from_port": 0,
                "id": "enphvqaujt6hndb1su5f",
                "labels": {},
                "port": -1,
                "predefined_target": "",
                "protocol": "TCP",
                "security_group_id": "",
                "to_port": 22,
                "v4_cidr_blocks": [
                  "0.0.0.0/0"
                ],
                "v6_cidr_blocks": []
              }
            ],
            "folder_id": "b1gddp1e85vunop76vcr",
            "id": "enphn4pnm57dt3qs1pjg",
            "ingress": [
              {
                "description": "",
                "from_port": -1,
                "id": "enpc83mj0run6orp6b5g",
                "labels": {},
                "port": 22,
                "predefined_target": "",
                "protocol": "TCP",
                "security_group_id": "",
                "to_port": -1,
                "v4_cidr_blocks": [
                  "172.16.16.254/32"
                ],
                "v6_cidr_blocks": []
              }
            ],
            "labels": {
              "my-label": "my-label-value"
            },
            "name": "default-sg-enpqrorh4tcnuip67j48",
            "network_id": "enpqrorh4tcnuip67j48",
            "status": "ACTIVE",
            "timeouts": null
          },
          "sensitive_attributes": [],
          "private": "eyJlMmJmYjczMC1lY2FhLTExZTYtOGY4OC0zNDM2M2JjN2M0YzAiOnsiY3JlYXRlIjoxODAwMDAwMDAwMDAsImRlbGV0ZSI6MTgwMDAwMDAwMDAwLCJyZWFkIjoxODAwMDAwMDAwMDAsInVwZGF0ZSI6MTgwMDAwMDAwMDAwfX0=",
          "dependencies": [
            "yandex_vpc_network.my-internal-Network"
          ]
        }
      ]
    },
    {
      "mode": "managed",
      "type": "yandex_vpc_default_security_group",
      "name": "secure-bastion-sg",
      "provider": "provider[\"registry.terraform.io/yandex-cloud/yandex\"]",
      "instances": [
        {
          "schema_version": 0,
          "attributes": {
            "created_at": "2023-10-05T19:58:22Z",
            "description": "secure-bastion-sg",
            "egress": [],
            "folder_id": "b1gddp1e85vunop76vcr",
            "id": "enpi5ghdp01cjkkqh53u",
            "ingress": [
              {
                "description": "",
                "from_port": -1,
                "id": "enpecl3d1mbbsl3thjuu",
                "labels": {},
                "port": 22,
                "predefined_target": "",
                "protocol": "TCP",
                "security_group_id": "",
                "to_port": -1,
                "v4_cidr_blocks": [
                  "0.0.0.0/0"
                ],
                "v6_cidr_blocks": []
              }
            ],
            "labels": {
              "my-label": "my-label-value"
            },
            "name": "default-sg-enphbgk19umrqo5g9efg",
            "network_id": "enphbgk19umrqo5g9efg",
            "status": "ACTIVE",
            "timeouts": null
          },
          "sensitive_attributes": [],
          "private": "eyJlMmJmYjczMC1lY2FhLTExZTYtOGY4OC0zNDM2M2JjN2M0YzAiOnsiY3JlYXRlIjoxODAwMDAwMDAwMDAsImRlbGV0ZSI6MTgwMDAwMDAwMDAwLCJyZWFkIjoxODAwMDAwMDAwMDAsInVwZGF0ZSI6MTgwMDAwMDAwMDAwfX0=",
          "dependencies": [
            "yandex_vpc_network.my-external-Network"
          ]
        }
      ]
    },
    {
      "mode": "managed",
      "type": "yandex_vpc_network",
      "name": "my-external-Network",
      "provider": "provider[\"registry.terraform.io/yandex-cloud/yandex\"]",
      "instances": [
        {
          "schema_version": 0,
          "attributes": {
            "created_at": "2023-10-05T19:58:21Z",
            "default_security_group_id": "enpi5ghdp01cjkkqh53u",
            "description": "my-internal-Network decsription",
            "folder_id": "b1gddp1e85vunop76vcr",
            "id": "enphbgk19umrqo5g9efg",
            "labels": {
              "empty-label": "",
              "tf-label": "tf-label-value"
            },
            "name": "external-bastion-network",
            "subnet_ids": [],
            "timeouts": null
          },
          "sensitive_attributes": [],
          "private": "eyJlMmJmYjczMC1lY2FhLTExZTYtOGY4OC0zNDM2M2JjN2M0YzAiOnsiY3JlYXRlIjo2MDAwMDAwMDAwMCwiZGVsZXRlIjo2MDAwMDAwMDAwMCwidXBkYXRlIjo2MDAwMDAwMDAwMH19"
        }
      ]
    },
    {
      "mode": "managed",
      "type": "yandex_vpc_network",
      "name": "my-internal-Network",
      "provider": "provider[\"registry.terraform.io/yandex-cloud/yandex\"]",
      "instances": [
        {
          "schema_version": 0,
          "attributes": {
            "created_at": "2023-10-05T19:58:17Z",
            "default_security_group_id": "enphn4pnm57dt3qs1pjg",
            "description": "my-internal-Network decsription",
            "folder_id": "b1gddp1e85vunop76vcr",
            "id": "enpqrorh4tcnuip67j48",
            "labels": {
              "tf-label": "tf-label-value"
            },
            "name": "internal-bastion-network",
            "subnet_ids": [],
            "timeouts": null
          },
          "sensitive_attributes": [],
          "private": "eyJlMmJmYjczMC1lY2FhLTExZTYtOGY4OC0zNDM2M2JjN2M0YzAiOnsiY3JlYXRlIjo2MDAwMDAwMDAwMCwiZGVsZXRlIjo2MDAwMDAwMDAwMCwidXBkYXRlIjo2MDAwMDAwMDAwMH19"
        }
      ]
    },
    {
      "mode": "managed",
      "type": "yandex_vpc_subnet",
      "name": "my-external-subnet",
      "provider": "provider[\"registry.terraform.io/yandex-cloud/yandex\"]",
      "instances": [
        {
          "schema_version": 0,
          "attributes": {
            "created_at": "2023-10-05T19:58:23Z",
            "description": "myNetwork-subnet description",
            "dhcp_options": [],
            "folder_id": "b1gddp1e85vunop76vcr",
            "id": "e9bpflpgbsr4q4gev752",
            "labels": {},
            "name": "bastion-external-segment",
            "network_id": "enphbgk19umrqo5g9efg",
            "route_table_id": "",
            "timeouts": null,
            "v4_cidr_blocks": [
              "172.16.17.0/28"
            ],
            "v6_cidr_blocks": [],
            "zone": "ru-central1-a"
          },
          "sensitive_attributes": [],
          "private": "eyJlMmJmYjczMC1lY2FhLTExZTYtOGY4OC0zNDM2M2JjN2M0YzAiOnsiY3JlYXRlIjoxODAwMDAwMDAwMDAsImRlbGV0ZSI6MTgwMDAwMDAwMDAwLCJ1cGRhdGUiOjE4MDAwMDAwMDAwMH19",
          "dependencies": [
            "yandex_vpc_network.my-external-Network"
          ]
        }
      ]
    },
    {
      "mode": "managed",
      "type": "yandex_vpc_subnet",
      "name": "my-internal-subnet",
      "provider": "provider[\"registry.terraform.io/yandex-cloud/yandex\"]",
      "instances": [
        {
          "schema_version": 0,
          "attributes": {
            "created_at": "2023-10-05T19:58:19Z",
            "description": "myNetwork-subnet description",
            "dhcp_options": [],
            "folder_id": "b1gddp1e85vunop76vcr",
            "id": "e9bjdod0g10721al2ho5",
            "labels": {},
            "name": "bastion-internal-segment",
            "network_id": "enpqrorh4tcnuip67j48",
            "route_table_id": "",
            "timeouts": null,
            "v4_cidr_blocks": [
              "172.16.16.0/24"
            ],
            "v6_cidr_blocks": [],
            "zone": "ru-central1-a"
          },
          "sensitive_attributes": [],
          "private": "eyJlMmJmYjczMC1lY2FhLTExZTYtOGY4OC0zNDM2M2JjN2M0YzAiOnsiY3JlYXRlIjoxODAwMDAwMDAwMDAsImRlbGV0ZSI6MTgwMDAwMDAwMDAwLCJ1cGRhdGUiOjE4MDAwMDAwMDAwMH19",
          "dependencies": [
            "yandex_vpc_network.my-internal-Network"
          ]
        }
      ]
    }
  ],
  "check_results": null
}
