{
  "version": 4,
  "terraform_version": "1.6.0",
  "serial": 94,
  "lineage": "f7a0995c-c215-2c1f-3f73-c62c4f0b9a83",
  "outputs": {},
  "resources": [
    {
      "mode": "managed",
      "type": "yandex_compute_instance",
      "name": "bastion-elvm",
      "provider": "provider[\"registry.terraform.io/yandex-cloud/yandex\"]",
      "instances": [
        {
          "schema_version": 1,
          "attributes": {
            "allow_recreate": null,
            "allow_stopping_for_update": null,
            "boot_disk": [
              {
                "auto_delete": true,
                "device_name": "fhm81n618pogf0b4e8qo",
                "disk_id": "fhm81n618pogf0b4e8qo",
                "initialize_params": [
                  {
                    "block_size": 4096,
                    "description": "",
                    "image_id": "fd8suc83g7bvp2o7edee",
                    "name": "",
                    "size": 10,
                    "snapshot_id": "",
                    "type": "network-ssd"
                  }
                ],
                "mode": "READ_WRITE"
              }
            ],
            "created_at": "2023-10-05T14:19:39Z",
            "description": "",
            "filesystem": [],
            "folder_id": "b1gddp1e85vunop76vcr",
            "fqdn": "bastion-elvm.ru-central1.internal",
            "gpu_cluster_id": "",
            "hostname": "bastion-elvm",
            "id": "fhm00dv60qh58ka95m4t",
            "labels": {},
            "local_disk": [],
            "metadata": {
              "serial-port-enable": "1",
              "user-data": "#cloud-config\nusers:\n  - name: igor  # eval \"$(ssh-agent -s)\"; ssh-add ~/.ssh/id_rsa\n    groups: sudo\n    shell: /bin/bash\n    sudo: ['ALL=(ALL) NOPASSWD:ALL']\n    ssh-authorized-keys:\n      - ssh-ed25519 AAAAC3NzaC1lZDI1NTE5AAAAIH/NTJ9DmsqtiiQpivsKLjYOrmQ65uReDMUzfS/HobpR igor@debian\n      - ssh-ed25519 AAAAC3NzaC1lZDI1NTE5AAAAIGpuh54L6jfdIKSj1ugnHP6SGT9+iSp9hKHx9y57nkJh igor@deb1\n"
            },
            "metadata_options": [
              {
                "aws_v1_http_endpoint": 1,
                "aws_v1_http_token": 2,
                "gce_http_endpoint": 1,
                "gce_http_token": 1
              }
            ],
            "name": "bastion-elvm",
            "network_acceleration_type": "standard",
            "network_interface": [
              {
                "dns_record": [],
                "index": 0,
                "ip_address": "172.16.16.11",
                "ipv4": true,
                "ipv6": false,
                "ipv6_address": "",
                "ipv6_dns_record": [],
                "mac_address": "d0:0d:37:e6:06:a2",
                "nat": true,
                "nat_dns_record": [],
                "nat_ip_address": "158.160.122.159",
                "nat_ip_version": "IPV4",
                "security_group_ids": [],
                "subnet_id": "e9bebpnlagu96m2e85ei"
              }
            ],
            "placement_policy": [
              {
                "host_affinity_rules": [],
                "placement_group_id": ""
              }
            ],
            "platform_id": "standard-v3",
            "resources": [
              {
                "core_fraction": 20,
                "cores": 2,
                "gpus": 0,
                "memory": 2
              }
            ],
            "scheduling_policy": [
              {
                "preemptible": false
              }
            ],
            "secondary_disk": [],
            "service_account_id": "",
            "status": "running",
            "timeouts": null,
            "zone": "ru-central1-a"
          },
          "sensitive_attributes": [],
          "private": "eyJlMmJmYjczMC1lY2FhLTExZTYtOGY4OC0zNDM2M2JjN2M0YzAiOnsiY3JlYXRlIjozMDAwMDAwMDAwMDAsImRlbGV0ZSI6MzAwMDAwMDAwMDAwLCJ1cGRhdGUiOjMwMDAwMDAwMDAwMH0sInNjaGVtYV92ZXJzaW9uIjoiMSJ9",
          "dependencies": [
            "yandex_vpc_network.internal-bastion-network",
            "yandex_vpc_subnet.bastion-internal-segment"
          ]
        }
      ]
    },
    {
      "mode": "managed",
      "type": "yandex_vpc_network",
      "name": "external-bastion-network",
      "provider": "provider[\"registry.terraform.io/yandex-cloud/yandex\"]",
      "instances": [
        {
          "schema_version": 0,
          "attributes": {
            "created_at": "2023-10-05T14:19:31Z",
            "default_security_group_id": "enpt5hb4babogfrhm1bc",
            "description": "external-bastion-network",
            "folder_id": "b1gddp1e85vunop76vcr",
            "id": "enp5pk0pbsf0jf0iaga7",
            "labels": {},
            "name": "external-bastion-network",
            "subnet_ids": [
              "e9bs895g08m75sflbavh"
            ],
            "timeouts": null
          },
          "sensitive_attributes": [],
          "private": "eyJlMmJmYjczMC1lY2FhLTExZTYtOGY4OC0zNDM2M2JjN2M0YzAiOnsiY3JlYXRlIjo2MDAwMDAwMDAwMCwiZGVsZXRlIjo2MDAwMDAwMDAwMCwidXBkYXRlIjo2MDAwMDAwMDAwMH19"
        }
      ]
    },
    {
      "mode": "managed",
      "type": "yandex_vpc_network",
      "name": "internal-bastion-network",
      "provider": "provider[\"registry.terraform.io/yandex-cloud/yandex\"]",
      "instances": [
        {
          "schema_version": 0,
          "attributes": {
            "created_at": "2023-10-05T14:19:35Z",
            "default_security_group_id": "enp4i6pq5dvf3bu31l1e",
            "description": "internal-bastion-network",
            "folder_id": "b1gddp1e85vunop76vcr",
            "id": "enphtdruid26caj9tj0p",
            "labels": {},
            "name": "internal-bastion-network",
            "subnet_ids": [
              "e9bebpnlagu96m2e85ei"
            ],
            "timeouts": null
          },
          "sensitive_attributes": [],
          "private": "eyJlMmJmYjczMC1lY2FhLTExZTYtOGY4OC0zNDM2M2JjN2M0YzAiOnsiY3JlYXRlIjo2MDAwMDAwMDAwMCwiZGVsZXRlIjo2MDAwMDAwMDAwMCwidXBkYXRlIjo2MDAwMDAwMDAwMH19"
        }
      ]
    },
    {
      "mode": "managed",
      "type": "yandex_vpc_security_group",
      "name": "internal-bastion-sg",
      "provider": "provider[\"registry.terraform.io/yandex-cloud/yandex\"]",
      "instances": [
        {
          "schema_version": 0,
          "attributes": {
            "created_at": "2023-10-05T14:19:38Z",
            "description": "",
            "egress": [
              {
                "description": "",
                "from_port": 0,
                "id": "enpsk0nlv33ma4vgk5rn",
                "labels": {},
                "port": -1,
                "predefined_target": "",
                "protocol": "TCP",
                "security_group_id": "",
                "to_port": 22,
                "v4_cidr_blocks": [
                  "0.0.0.0/0"
                ],
                "v6_cidr_blocks": []
              }
            ],
            "folder_id": "b1gddp1e85vunop76vcr",
            "id": "enpah80709bc7p1gmem4",
            "ingress": [
              {
                "description": "",
                "from_port": -1,
                "id": "enpe0ghs725ikrod9nv9",
                "labels": {},
                "port": 22,
                "predefined_target": "",
                "protocol": "TCP",
                "security_group_id": "",
                "to_port": -1,
                "v4_cidr_blocks": [
                  "172.16.16.254/32"
                ],
                "v6_cidr_blocks": []
              }
            ],
            "labels": {},
            "name": "internal-bastion-sg",
            "network_id": "enphtdruid26caj9tj0p",
            "status": "ACTIVE",
            "timeouts": null
          },
          "sensitive_attributes": [],
          "private": "eyJlMmJmYjczMC1lY2FhLTExZTYtOGY4OC0zNDM2M2JjN2M0YzAiOnsiY3JlYXRlIjoxODAwMDAwMDAwMDAsImRlbGV0ZSI6MTgwMDAwMDAwMDAwLCJ1cGRhdGUiOjE4MDAwMDAwMDAwMH19",
          "dependencies": [
            "yandex_vpc_network.internal-bastion-network"
          ]
        }
      ]
    },
    {
      "mode": "managed",
      "type": "yandex_vpc_security_group",
      "name": "secure-bastion-sg",
      "provider": "provider[\"registry.terraform.io/yandex-cloud/yandex\"]",
      "instances": [
        {
          "schema_version": 0,
          "attributes": {
            "created_at": "2023-10-05T14:19:34Z",
            "description": "",
            "egress": [],
            "folder_id": "b1gddp1e85vunop76vcr",
            "id": "enp84ph22cecb4pvbtmh",
            "ingress": [
              {
                "description": "",
                "from_port": -1,
                "id": "enpt9sn66pqmlnsq43lm",
                "labels": {},
                "port": 22,
                "predefined_target": "",
                "protocol": "TCP",
                "security_group_id": "",
                "to_port": -1,
                "v4_cidr_blocks": [
                  "0.0.0.0/0"
                ],
                "v6_cidr_blocks": []
              }
            ],
            "labels": {},
            "name": "secure-bastion-sg",
            "network_id": "enp5pk0pbsf0jf0iaga7",
            "status": "ACTIVE",
            "timeouts": null
          },
          "sensitive_attributes": [],
          "private": "eyJlMmJmYjczMC1lY2FhLTExZTYtOGY4OC0zNDM2M2JjN2M0YzAiOnsiY3JlYXRlIjoxODAwMDAwMDAwMDAsImRlbGV0ZSI6MTgwMDAwMDAwMDAwLCJ1cGRhdGUiOjE4MDAwMDAwMDAwMH19",
          "dependencies": [
            "yandex_vpc_network.external-bastion-network"
          ]
        }
      ]
    },
    {
      "mode": "managed",
      "type": "yandex_vpc_subnet",
      "name": "bastion-external-segment",
      "provider": "provider[\"registry.terraform.io/yandex-cloud/yandex\"]",
      "instances": [
        {
          "schema_version": 0,
          "attributes": {
            "created_at": "2023-10-05T14:19:33Z",
            "description": "bastion-external-segment",
            "dhcp_options": [],
            "folder_id": "b1gddp1e85vunop76vcr",
            "id": "e9bs895g08m75sflbavh",
            "labels": {},
            "name": "bastion-external-segment",
            "network_id": "enp5pk0pbsf0jf0iaga7",
            "route_table_id": "",
            "timeouts": null,
            "v4_cidr_blocks": [
              "172.16.17.0/28"
            ],
            "v6_cidr_blocks": [],
            "zone": "ru-central1-a"
          },
          "sensitive_attributes": [],
          "private": "eyJlMmJmYjczMC1lY2FhLTExZTYtOGY4OC0zNDM2M2JjN2M0YzAiOnsiY3JlYXRlIjoxODAwMDAwMDAwMDAsImRlbGV0ZSI6MTgwMDAwMDAwMDAwLCJ1cGRhdGUiOjE4MDAwMDAwMDAwMH19",
          "dependencies": [
            "yandex_vpc_network.external-bastion-network"
          ]
        }
      ]
    },
    {
      "mode": "managed",
      "type": "yandex_vpc_subnet",
      "name": "bastion-internal-segment",
      "provider": "provider[\"registry.terraform.io/yandex-cloud/yandex\"]",
      "instances": [
        {
          "schema_version": 0,
          "attributes": {
            "created_at": "2023-10-05T14:19:38Z",
            "description": "bastion-internal-segment",
            "dhcp_options": [],
            "folder_id": "b1gddp1e85vunop76vcr",
            "id": "e9bebpnlagu96m2e85ei",
            "labels": {},
            "name": "bastion-internal-segment",
            "network_id": "enphtdruid26caj9tj0p",
            "route_table_id": "",
            "timeouts": null,
            "v4_cidr_blocks": [
              "172.16.16.0/24"
            ],
            "v6_cidr_blocks": [],
            "zone": "ru-central1-a"
          },
          "sensitive_attributes": [],
          "private": "eyJlMmJmYjczMC1lY2FhLTExZTYtOGY4OC0zNDM2M2JjN2M0YzAiOnsiY3JlYXRlIjoxODAwMDAwMDAwMDAsImRlbGV0ZSI6MTgwMDAwMDAwMDAwLCJ1cGRhdGUiOjE4MDAwMDAwMDAwMH19",
          "dependencies": [
            "yandex_vpc_network.internal-bastion-network"
          ]
        }
      ]
    }
  ],
  "check_results": null
}
