{
  "version": 4,
  "terraform_version": "1.6.0",
  "serial": 456,
  "lineage": "73457ac3-5de9-6b36-4526-bc226101a3e7",
  "outputs": {
    "ip_local_websrv-elvm-1": {
      "value": "10.128.0.9",
      "type": "string"
    },
    "ip_local_websrv-elvm-2": {
      "value": "10.129.0.11",
      "type": "string"
    },
    "load_balancer_public_ips": {
      "value": "84.252.142.59",
      "type": "string"
    },
    "srv-websrv-elvm-1": {
      "value": "51.250.86.158",
      "type": "string"
    },
    "srv-websrv-elvm-2": {
      "value": "84.201.142.212",
      "type": "string"
    }
  },
  "resources": [
    {
      "mode": "managed",
      "type": "yandex_alb_backend_group",
      "name": "elvm-bk",
      "provider": "provider[\"registry.terraform.io/yandex-cloud/yandex\"]",
      "instances": [
        {
          "schema_version": 0,
          "attributes": {
            "created_at": "2023-10-14T21:49:35Z",
            "description": "",
            "folder_id": "b1gddp1e85vunop76vcr",
            "grpc_backend": [],
            "http_backend": [
              {
                "healthcheck": [
                  {
                    "grpc_healthcheck": [],
                    "healthcheck_port": 0,
                    "healthy_threshold": 10,
                    "http_healthcheck": [
                      {
                        "host": "",
                        "http2": false,
                        "path": "/"
                      }
                    ],
                    "interval": "2s",
                    "interval_jitter_percent": 0,
                    "stream_healthcheck": [],
                    "timeout": "10s",
                    "unhealthy_threshold": 15
                  }
                ],
                "http2": false,
                "load_balancing_config": [
                  {
                    "locality_aware_routing_percent": 0,
                    "mode": "ROUND_ROBIN",
                    "panic_threshold": 50,
                    "strict_locality": false
                  }
                ],
                "name": "elvm-http-bk",
                "port": 80,
                "storage_bucket": "",
                "target_group_ids": [
                  "ds7q6a6pbq8chuloo5hi"
                ],
                "tls": [],
                "weight": 1
              }
            ],
            "id": "ds736cgvtq2f9cvbe8m2",
            "labels": {},
            "name": "elvm-bk",
            "session_affinity": [],
            "stream_backend": [],
            "timeouts": null
          },
          "sensitive_attributes": [],
          "private": "eyJlMmJmYjczMC1lY2FhLTExZTYtOGY4OC0zNDM2M2JjN2M0YzAiOnsiY3JlYXRlIjozMDAwMDAwMDAwMDAsImRlbGV0ZSI6MzAwMDAwMDAwMDAwLCJ1cGRhdGUiOjMwMDAwMDAwMDAwMH19",
          "dependencies": [
            "yandex_alb_target_group.elvm-tg",
            "yandex_compute_instance.websrv-elvm-1",
            "yandex_compute_instance.websrv-elvm-2",
            "yandex_vpc_network.network-external",
            "yandex_vpc_security_group.internal-sg",
            "yandex_vpc_subnet.subnet-a",
            "yandex_vpc_subnet.subnet-b"
          ]
        }
      ]
    },
    {
      "mode": "managed",
      "type": "yandex_alb_http_router",
      "name": "elvm-router",
      "provider": "provider[\"registry.terraform.io/yandex-cloud/yandex\"]",
      "instances": [
        {
          "schema_version": 0,
          "attributes": {
            "created_at": "2023-10-14T21:48:54Z",
            "description": "",
            "folder_id": "b1gddp1e85vunop76vcr",
            "id": "ds7rbcdsv0idkl2fgr5p",
            "labels": {
              "empty-label": "",
              "tf-label": "elvm-router-value"
            },
            "name": "elvm-router",
            "route_options": [],
            "timeouts": null
          },
          "sensitive_attributes": [],
          "private": "eyJlMmJmYjczMC1lY2FhLTExZTYtOGY4OC0zNDM2M2JjN2M0YzAiOnsiY3JlYXRlIjozMDAwMDAwMDAwMDAsImRlbGV0ZSI6MzAwMDAwMDAwMDAwLCJ1cGRhdGUiOjMwMDAwMDAwMDAwMH19"
        }
      ]
    },
    {
      "mode": "managed",
      "type": "yandex_alb_load_balancer",
      "name": "elvm-balancer",
      "provider": "provider[\"registry.terraform.io/yandex-cloud/yandex\"]",
      "instances": [
        {
          "schema_version": 0,
          "attributes": {
            "allocation_policy": [
              {
                "location": [
                  {
                    "disable_traffic": false,
                    "subnet_id": "e2lg54i1pkt0phgu77sl",
                    "zone_id": "ru-central1-b"
                  },
                  {
                    "disable_traffic": false,
                    "subnet_id": "e9bu95f74lo5625553r9",
                    "zone_id": "ru-central1-a"
                  }
                ]
              }
            ],
            "created_at": "2023-10-14T21:48:59Z",
            "description": "",
            "folder_id": "b1gddp1e85vunop76vcr",
            "id": "ds7p2errgkaanm8am51t",
            "labels": {},
            "listener": [
              {
                "endpoint": [
                  {
                    "address": [
                      {
                        "external_ipv4_address": [
                          {
                            "address": "84.252.142.59"
                          }
                        ],
                        "external_ipv6_address": [],
                        "internal_ipv4_address": []
                      }
                    ],
                    "ports": [
                      80
                    ]
                  }
                ],
                "http": [
                  {
                    "handler": [
                      {
                        "allow_http10": false,
                        "http2_options": [],
                        "http_router_id": "ds7rbcdsv0idkl2fgr5p",
                        "rewrite_request_id": false
                      }
                    ],
                    "redirects": []
                  }
                ],
                "name": "elvm-listener",
                "stream": [],
                "tls": []
              }
            ],
            "log_group_id": "ckgnj6bh8n0md10ukk6q",
            "log_options": [
              {
                "disable": false,
                "discard_rule": [
                  {
                    "discard_percent": 75,
                    "grpc_codes": [
                      "OK"
                    ],
                    "http_code_intervals": [
                      "HTTP_ALL"
                    ],
                    "http_codes": [
                      200
                    ]
                  }
                ],
                "log_group_id": ""
              }
            ],
            "name": "elvm-balancer",
            "network_id": "enp5v5ra55o0ije3schu",
            "region_id": "",
            "security_group_ids": [
              "enp3nltt4b0l5e78rm1p"
            ],
            "status": "active",
            "timeouts": null
          },
          "sensitive_attributes": [],
          "private": "eyJlMmJmYjczMC1lY2FhLTExZTYtOGY4OC0zNDM2M2JjN2M0YzAiOnsiY3JlYXRlIjo2MDAwMDAwMDAwMDAsImRlbGV0ZSI6NjAwMDAwMDAwMDAwLCJ1cGRhdGUiOjYwMDAwMDAwMDAwMH19",
          "dependencies": [
            "yandex_alb_http_router.elvm-router",
            "yandex_vpc_network.network-external",
            "yandex_vpc_security_group.internal-sg",
            "yandex_vpc_subnet.subnet-a",
            "yandex_vpc_subnet.subnet-b"
          ]
        }
      ]
    },
    {
      "mode": "managed",
      "type": "yandex_alb_target_group",
      "name": "elvm-tg",
      "provider": "provider[\"registry.terraform.io/yandex-cloud/yandex\"]",
      "instances": [
        {
          "schema_version": 0,
          "attributes": {
            "created_at": "2023-10-14T21:49:35Z",
            "description": "",
            "folder_id": "b1gddp1e85vunop76vcr",
            "id": "ds7q6a6pbq8chuloo5hi",
            "labels": {},
            "name": "elvm-tg",
            "target": [
              {
                "ip_address": "10.128.0.9",
                "private_ipv4_address": false,
                "subnet_id": "e9bu95f74lo5625553r9"
              },
              {
                "ip_address": "10.129.0.11",
                "private_ipv4_address": false,
                "subnet_id": "e2lg54i1pkt0phgu77sl"
              }
            ],
            "timeouts": null
          },
          "sensitive_attributes": [],
          "private": "eyJlMmJmYjczMC1lY2FhLTExZTYtOGY4OC0zNDM2M2JjN2M0YzAiOnsiY3JlYXRlIjozMDAwMDAwMDAwMDAsImRlbGV0ZSI6MzAwMDAwMDAwMDAwLCJ1cGRhdGUiOjMwMDAwMDAwMDAwMH19",
          "dependencies": [
            "yandex_compute_instance.websrv-elvm-1",
            "yandex_compute_instance.websrv-elvm-2",
            "yandex_vpc_network.network-external",
            "yandex_vpc_security_group.internal-sg",
            "yandex_vpc_subnet.subnet-a",
            "yandex_vpc_subnet.subnet-b"
          ]
        }
      ]
    },
    {
      "mode": "managed",
      "type": "yandex_alb_virtual_host",
      "name": "elvm-vh",
      "provider": "provider[\"registry.terraform.io/yandex-cloud/yandex\"]",
      "instances": [
        {
          "schema_version": 0,
          "attributes": {
            "authority": [],
            "http_router_id": "ds7rbcdsv0idkl2fgr5p",
            "id": "ds7rbcdsv0idkl2fgr5p/elvm-vh",
            "modify_request_headers": [],
            "modify_response_headers": [],
            "name": "elvm-vh",
            "route": [
              {
                "grpc_route": [],
                "http_route": [
                  {
                    "direct_response_action": [],
                    "http_match": [],
                    "http_route_action": [
                      {
                        "auto_host_rewrite": false,
                        "backend_group_id": "ds736cgvtq2f9cvbe8m2",
                        "host_rewrite": "",
                        "idle_timeout": "",
                        "prefix_rewrite": "",
                        "timeout": "1m0s",
                        "upgrade_types": []
                      }
                    ],
                    "redirect_action": []
                  }
                ],
                "name": "my-route",
                "route_options": []
              }
            ],
            "route_options": [],
            "timeouts": null
          },
          "sensitive_attributes": [],
          "private": "eyJlMmJmYjczMC1lY2FhLTExZTYtOGY4OC0zNDM2M2JjN2M0YzAiOnsiY3JlYXRlIjozMDAwMDAwMDAwMDAsImRlbGV0ZSI6MzAwMDAwMDAwMDAwLCJ1cGRhdGUiOjMwMDAwMDAwMDAwMH19",
          "dependencies": [
            "yandex_alb_backend_group.elvm-bk",
            "yandex_alb_http_router.elvm-router",
            "yandex_alb_target_group.elvm-tg",
            "yandex_compute_instance.websrv-elvm-1",
            "yandex_compute_instance.websrv-elvm-2",
            "yandex_vpc_network.network-external",
            "yandex_vpc_security_group.internal-sg",
            "yandex_vpc_subnet.subnet-a",
            "yandex_vpc_subnet.subnet-b"
          ]
        }
      ]
    },
    {
      "mode": "managed",
      "type": "yandex_compute_instance",
      "name": "websrv-elvm-1",
      "provider": "provider[\"registry.terraform.io/yandex-cloud/yandex\"]",
      "instances": [
        {
          "schema_version": 1,
          "attributes": {
            "allow_recreate": null,
            "allow_stopping_for_update": null,
            "boot_disk": [
              {
                "auto_delete": true,
                "device_name": "fhmfsefpjvl4paiqbn8q",
                "disk_id": "fhmfsefpjvl4paiqbn8q",
                "initialize_params": [
                  {
                    "block_size": 4096,
                    "description": "",
                    "image_id": "fd8suc83g7bvp2o7edee",
                    "name": "",
                    "size": 10,
                    "snapshot_id": "",
                    "type": "network-ssd"
                  }
                ],
                "mode": "READ_WRITE"
              }
            ],
            "created_at": "2023-10-14T21:48:59Z",
            "description": "",
            "filesystem": [],
            "folder_id": "b1gddp1e85vunop76vcr",
            "fqdn": "websrv-elvm-1.ru-central1.internal",
            "gpu_cluster_id": "",
            "hostname": "websrv-elvm-1",
            "id": "fhma0h7hpoho9audv2le",
            "labels": {},
            "local_disk": [],
            "metadata": {
              "serial-port-enable": "1",
              "user-data": "#cloud-config\nusers:\n  - name: igor\n    groups: sudo\n    shell: /bin/bash\n    sudo: ['ALL=(ALL) NOPASSWD:ALL']\n    ssh-authorized-keys:\n      - ssh-ed25519 AAAAC3NzaC1lZDI1NTE5AAAAIH/NTJ9DmsqtiiQpivsKLjYOrmQ65uReDMUzfS/HobpR igor@debian\n      - ssh-ed25519 AAAAC3NzaC1lZDI1NTE5AAAAIGpuh54L6jfdIKSj1ugnHP6SGT9+iSp9hKHx9y57nkJh igor@deb1\n\npackages:\n  - nginx\n  - zabbix-agent\n\nruncmd:\n  - wget https://repo.zabbix.com/zabbix/6.4/debian/pool/main/z/zabbix-release/zabbix-release_6.4-1+debian11_all.deb\n  - [ dpkg, -i, ./zabbix-release_6.4-1+debian11_all.deb] \n  #- [ sed -i \\\"s|#numb|${var.hostnames[0]}|g\\\" /tmp/index_website.html ]\n  - [ cp, /tmp/index_website.html, /var/www/html/index.html ]\n  - [ cp, /tmp/zabbix_agentd.conf, /etc/zabbix/zabbix_agentd.conf ]\n  - systemctl restart zabbix-agent\n  \npackage_update: true"
            },
            "metadata_options": [
              {
                "aws_v1_http_endpoint": 1,
                "aws_v1_http_token": 2,
                "gce_http_endpoint": 1,
                "gce_http_token": 1
              }
            ],
            "name": "websrv-elvm-1",
            "network_acceleration_type": "standard",
            "network_interface": [
              {
                "dns_record": [],
                "index": 0,
                "ip_address": "10.128.0.9",
                "ipv4": true,
                "ipv6": false,
                "ipv6_address": "",
                "ipv6_dns_record": [],
                "mac_address": "d0:0d:a0:44:f1:ce",
                "nat": true,
                "nat_dns_record": [],
                "nat_ip_address": "51.250.86.158",
                "nat_ip_version": "IPV4",
                "security_group_ids": [
                  "enp3nltt4b0l5e78rm1p"
                ],
                "subnet_id": "e9bu95f74lo5625553r9"
              }
            ],
            "placement_policy": [
              {
                "host_affinity_rules": [],
                "placement_group_id": ""
              }
            ],
            "platform_id": "standard-v3",
            "resources": [
              {
                "core_fraction": 20,
                "cores": 2,
                "gpus": 0,
                "memory": 2
              }
            ],
            "scheduling_policy": [
              {
                "preemptible": false
              }
            ],
            "secondary_disk": [],
            "service_account_id": "",
            "status": "running",
            "timeouts": null,
            "zone": "ru-central1-a"
          },
          "sensitive_attributes": [],
          "private": "eyJlMmJmYjczMC1lY2FhLTExZTYtOGY4OC0zNDM2M2JjN2M0YzAiOnsiY3JlYXRlIjozMDAwMDAwMDAwMDAsImRlbGV0ZSI6MzAwMDAwMDAwMDAwLCJ1cGRhdGUiOjMwMDAwMDAwMDAwMH0sInNjaGVtYV92ZXJzaW9uIjoiMSJ9",
          "dependencies": [
            "yandex_vpc_network.network-external",
            "yandex_vpc_security_group.internal-sg",
            "yandex_vpc_subnet.subnet-a"
          ]
        }
      ]
    },
    {
      "mode": "managed",
      "type": "yandex_compute_instance",
      "name": "websrv-elvm-2",
      "provider": "provider[\"registry.terraform.io/yandex-cloud/yandex\"]",
      "instances": [
        {
          "schema_version": 1,
          "attributes": {
            "allow_recreate": null,
            "allow_stopping_for_update": null,
            "boot_disk": [
              {
                "auto_delete": true,
                "device_name": "epd78na84go1pln2flnn",
                "disk_id": "epd78na84go1pln2flnn",
                "initialize_params": [
                  {
                    "block_size": 4096,
                    "description": "",
                    "image_id": "fd8suc83g7bvp2o7edee",
                    "name": "",
                    "size": 10,
                    "snapshot_id": "",
                    "type": "network-ssd"
                  }
                ],
                "mode": "READ_WRITE"
              }
            ],
            "created_at": "2023-10-14T21:48:59Z",
            "description": "",
            "filesystem": [],
            "folder_id": "b1gddp1e85vunop76vcr",
            "fqdn": "websrv-elvm-2.ru-central1.internal",
            "gpu_cluster_id": "",
            "hostname": "websrv-elvm-2",
            "id": "epd68oo08sm2s9h1a09a",
            "labels": {},
            "local_disk": [],
            "metadata": {
              "serial-port-enable": "1",
              "user-data": "#cloud-config\nusers:\n  - name: igor\n    groups: sudo\n    shell: /bin/bash\n    sudo: ['ALL=(ALL) NOPASSWD:ALL']\n    ssh-authorized-keys:\n      - ssh-ed25519 AAAAC3NzaC1lZDI1NTE5AAAAIH/NTJ9DmsqtiiQpivsKLjYOrmQ65uReDMUzfS/HobpR igor@debian\n      - ssh-ed25519 AAAAC3NzaC1lZDI1NTE5AAAAIGpuh54L6jfdIKSj1ugnHP6SGT9+iSp9hKHx9y57nkJh igor@deb1\n\npackages:\n  - nginx\n  - zabbix-agent\n\nruncmd:\n  - wget https://repo.zabbix.com/zabbix/6.4/debian/pool/main/z/zabbix-release/zabbix-release_6.4-1+debian11_all.deb\n  - [ dpkg, -i, ./zabbix-release_6.4-1+debian11_all.deb] \n  #- [ sed -i \\\"s|#numb|${var.hostnames[0]}|g\\\" /tmp/index_website.html ]\n  - [ cp, /tmp/index_website.html, /var/www/html/index.html ]\n  - [ cp, /tmp/zabbix_agentd.conf, /etc/zabbix/zabbix_agentd.conf ]\n  - systemctl restart zabbix-agent\n  \npackage_update: true"
            },
            "metadata_options": [
              {
                "aws_v1_http_endpoint": 1,
                "aws_v1_http_token": 2,
                "gce_http_endpoint": 1,
                "gce_http_token": 1
              }
            ],
            "name": "websrv-elvm-2",
            "network_acceleration_type": "standard",
            "network_interface": [
              {
                "dns_record": [],
                "index": 0,
                "ip_address": "10.129.0.11",
                "ipv4": true,
                "ipv6": false,
                "ipv6_address": "",
                "ipv6_dns_record": [],
                "mac_address": "d0:0d:64:63:00:47",
                "nat": true,
                "nat_dns_record": [],
                "nat_ip_address": "84.201.142.212",
                "nat_ip_version": "IPV4",
                "security_group_ids": [
                  "enp3nltt4b0l5e78rm1p"
                ],
                "subnet_id": "e2lg54i1pkt0phgu77sl"
              }
            ],
            "placement_policy": [
              {
                "host_affinity_rules": [],
                "placement_group_id": ""
              }
            ],
            "platform_id": "standard-v3",
            "resources": [
              {
                "core_fraction": 20,
                "cores": 2,
                "gpus": 0,
                "memory": 2
              }
            ],
            "scheduling_policy": [
              {
                "preemptible": false
              }
            ],
            "secondary_disk": [],
            "service_account_id": "",
            "status": "running",
            "timeouts": null,
            "zone": "ru-central1-b"
          },
          "sensitive_attributes": [],
          "private": "eyJlMmJmYjczMC1lY2FhLTExZTYtOGY4OC0zNDM2M2JjN2M0YzAiOnsiY3JlYXRlIjozMDAwMDAwMDAwMDAsImRlbGV0ZSI6MzAwMDAwMDAwMDAwLCJ1cGRhdGUiOjMwMDAwMDAwMDAwMH0sInNjaGVtYV92ZXJzaW9uIjoiMSJ9",
          "dependencies": [
            "yandex_vpc_network.network-external",
            "yandex_vpc_security_group.internal-sg",
            "yandex_vpc_subnet.subnet-b"
          ]
        }
      ]
    },
    {
      "mode": "managed",
      "type": "yandex_vpc_default_security_group",
      "name": "bastion-sg",
      "provider": "provider[\"registry.terraform.io/yandex-cloud/yandex\"]",
      "instances": [
        {
          "schema_version": 0,
          "attributes": {
            "created_at": "2023-10-14T21:48:55Z",
            "description": "Description for security group",
            "egress": [
              {
                "description": "",
                "from_port": -1,
                "id": "enp32avje2sc5fhv24op",
                "labels": {},
                "port": 22,
                "predefined_target": "",
                "protocol": "TCP",
                "security_group_id": "",
                "to_port": -1,
                "v4_cidr_blocks": [
                  "0.0.0.0/0"
                ],
                "v6_cidr_blocks": []
              }
            ],
            "folder_id": "b1gddp1e85vunop76vcr",
            "id": "enper1t6e9adqgvef56l",
            "ingress": [
              {
                "description": "ping",
                "from_port": 0,
                "id": "enpe4ohkoiit72to5u7v",
                "labels": {},
                "port": -1,
                "predefined_target": "",
                "protocol": "ICMP",
                "security_group_id": "",
                "to_port": 65535,
                "v4_cidr_blocks": [
                  "0.0.0.0/0"
                ],
                "v6_cidr_blocks": []
              },
              {
                "description": "ssh",
                "from_port": -1,
                "id": "enp3ioj18n7eam9iksp3",
                "labels": {},
                "port": 22,
                "predefined_target": "",
                "protocol": "TCP",
                "security_group_id": "",
                "to_port": -1,
                "v4_cidr_blocks": [
                  "0.0.0.0/0"
                ],
                "v6_cidr_blocks": []
              }
            ],
            "labels": {},
            "name": "default-sg-enp5v5ra55o0ije3schu",
            "network_id": "enp5v5ra55o0ije3schu",
            "status": "ACTIVE",
            "timeouts": null
          },
          "sensitive_attributes": [],
          "private": "eyJlMmJmYjczMC1lY2FhLTExZTYtOGY4OC0zNDM2M2JjN2M0YzAiOnsiY3JlYXRlIjoxODAwMDAwMDAwMDAsImRlbGV0ZSI6MTgwMDAwMDAwMDAwLCJyZWFkIjoxODAwMDAwMDAwMDAsInVwZGF0ZSI6MTgwMDAwMDAwMDAwfX0=",
          "dependencies": [
            "yandex_vpc_network.network-external"
          ]
        }
      ]
    },
    {
      "mode": "managed",
      "type": "yandex_vpc_network",
      "name": "network-external",
      "provider": "provider[\"registry.terraform.io/yandex-cloud/yandex\"]",
      "instances": [
        {
          "schema_version": 0,
          "attributes": {
            "created_at": "2023-10-14T21:48:54Z",
            "default_security_group_id": "enper1t6e9adqgvef56l",
            "description": "",
            "folder_id": "b1gddp1e85vunop76vcr",
            "id": "enp5v5ra55o0ije3schu",
            "labels": {},
            "name": "external-bastion",
            "subnet_ids": [
              "e2lg54i1pkt0phgu77sl",
              "e9baorbr20ru2umoqa8g",
              "e9bu95f74lo5625553r9"
            ],
            "timeouts": null
          },
          "sensitive_attributes": [],
          "private": "eyJlMmJmYjczMC1lY2FhLTExZTYtOGY4OC0zNDM2M2JjN2M0YzAiOnsiY3JlYXRlIjo2MDAwMDAwMDAwMCwiZGVsZXRlIjo2MDAwMDAwMDAwMCwidXBkYXRlIjo2MDAwMDAwMDAwMH19"
        }
      ]
    },
    {
      "mode": "managed",
      "type": "yandex_vpc_security_group",
      "name": "internal-sg",
      "provider": "provider[\"registry.terraform.io/yandex-cloud/yandex\"]",
      "instances": [
        {
          "schema_version": 0,
          "attributes": {
            "created_at": "2023-10-14T21:48:58Z",
            "description": "Description for security group",
            "egress": [
              {
                "description": "http",
                "from_port": -1,
                "id": "enp9lau440ij435e3g04",
                "labels": {},
                "port": 80,
                "predefined_target": "",
                "protocol": "TCP",
                "security_group_id": "",
                "to_port": -1,
                "v4_cidr_blocks": [
                  "0.0.0.0/0"
                ],
                "v6_cidr_blocks": []
              },
              {
                "description": "https",
                "from_port": -1,
                "id": "enppc6vsfg5i9mhu1450",
                "labels": {},
                "port": 443,
                "predefined_target": "",
                "protocol": "TCP",
                "security_group_id": "",
                "to_port": -1,
                "v4_cidr_blocks": [
                  "0.0.0.0/0"
                ],
                "v6_cidr_blocks": []
              },
              {
                "description": "ping",
                "from_port": 0,
                "id": "enp63uolgmf7utirk6i7",
                "labels": {},
                "port": -1,
                "predefined_target": "",
                "protocol": "ICMP",
                "security_group_id": "",
                "to_port": 65535,
                "v4_cidr_blocks": [
                  "0.0.0.0/0"
                ],
                "v6_cidr_blocks": []
              },
              {
                "description": "zabbix",
                "from_port": -1,
                "id": "enp9bacsa8ir1ui6hpa3",
                "labels": {},
                "port": 10050,
                "predefined_target": "",
                "protocol": "TCP",
                "security_group_id": "",
                "to_port": -1,
                "v4_cidr_blocks": [
                  "10.129.0.0/24"
                ],
                "v6_cidr_blocks": []
              },
              {
                "description": "zabbix",
                "from_port": -1,
                "id": "enps2veqvo51v2bbe54n",
                "labels": {},
                "port": 10050,
                "predefined_target": "",
                "protocol": "TCP",
                "security_group_id": "",
                "to_port": -1,
                "v4_cidr_blocks": [
                  "10.128.0.0/24"
                ],
                "v6_cidr_blocks": []
              }
            ],
            "folder_id": "b1gddp1e85vunop76vcr",
            "id": "enp3nltt4b0l5e78rm1p",
            "ingress": [
              {
                "description": "Lbalanser",
                "from_port": -1,
                "id": "enp52r2bu1188jd2bkjh",
                "labels": {},
                "port": 443,
                "predefined_target": "",
                "protocol": "TCP",
                "security_group_id": "",
                "to_port": -1,
                "v4_cidr_blocks": [
                  "0.0.0.0/0"
                ],
                "v6_cidr_blocks": []
              },
              {
                "description": "Lbalanser",
                "from_port": -1,
                "id": "enpakdr5fo7gt8hunsd6",
                "labels": {},
                "port": 80,
                "predefined_target": "",
                "protocol": "TCP",
                "security_group_id": "",
                "to_port": -1,
                "v4_cidr_blocks": [
                  "0.0.0.0/0"
                ],
                "v6_cidr_blocks": []
              },
              {
                "description": "Lbalanser",
                "from_port": -1,
                "id": "enplakn15oiqu6db4psl",
                "labels": {},
                "port": 30080,
                "predefined_target": "",
                "protocol": "TCP",
                "security_group_id": "",
                "to_port": -1,
                "v4_cidr_blocks": [
                  "0.0.0.0/0"
                ],
                "v6_cidr_blocks": []
              },
              {
                "description": "http",
                "from_port": -1,
                "id": "enpcf7to9lg7ihi7s31d",
                "labels": {},
                "port": 80,
                "predefined_target": "",
                "protocol": "TCP",
                "security_group_id": "",
                "to_port": -1,
                "v4_cidr_blocks": [
                  "0.0.0.0/0"
                ],
                "v6_cidr_blocks": []
              },
              {
                "description": "ping",
                "from_port": 0,
                "id": "enppkuilbnl29l83vubf",
                "labels": {},
                "port": -1,
                "predefined_target": "",
                "protocol": "ICMP",
                "security_group_id": "",
                "to_port": 65535,
                "v4_cidr_blocks": [
                  "0.0.0.0/0"
                ],
                "v6_cidr_blocks": []
              },
              {
                "description": "ssh",
                "from_port": -1,
                "id": "enp4gm2krfrlm9icu09t",
                "labels": {},
                "port": 22,
                "predefined_target": "",
                "protocol": "TCP",
                "security_group_id": "",
                "to_port": -1,
                "v4_cidr_blocks": [
                  "10.130.0.0/24"
                ],
                "v6_cidr_blocks": []
              },
              {
                "description": "zabbix",
                "from_port": -1,
                "id": "enp4n613mkp6qrjgquo9",
                "labels": {},
                "port": 10050,
                "predefined_target": "",
                "protocol": "TCP",
                "security_group_id": "",
                "to_port": -1,
                "v4_cidr_blocks": [
                  "10.128.0.0/24"
                ],
                "v6_cidr_blocks": []
              },
              {
                "description": "zabbix",
                "from_port": -1,
                "id": "enpa8o9i6euneibva0pu",
                "labels": {},
                "port": 10050,
                "predefined_target": "",
                "protocol": "TCP",
                "security_group_id": "",
                "to_port": -1,
                "v4_cidr_blocks": [
                  "10.129.0.0/24"
                ],
                "v6_cidr_blocks": []
              }
            ],
            "labels": {},
            "name": "internal-sg",
            "network_id": "enp5v5ra55o0ije3schu",
            "status": "ACTIVE",
            "timeouts": null
          },
          "sensitive_attributes": [],
          "private": "eyJlMmJmYjczMC1lY2FhLTExZTYtOGY4OC0zNDM2M2JjN2M0YzAiOnsiY3JlYXRlIjoxODAwMDAwMDAwMDAsImRlbGV0ZSI6MTgwMDAwMDAwMDAwLCJ1cGRhdGUiOjE4MDAwMDAwMDAwMH19",
          "dependencies": [
            "yandex_vpc_network.network-external"
          ]
        }
      ]
    },
    {
      "mode": "managed",
      "type": "yandex_vpc_subnet",
      "name": "subnet-a",
      "provider": "provider[\"registry.terraform.io/yandex-cloud/yandex\"]",
      "instances": [
        {
          "schema_version": 0,
          "attributes": {
            "created_at": "2023-10-14T21:48:57Z",
            "description": "myNetwork-subnet-a description",
            "dhcp_options": [],
            "folder_id": "b1gddp1e85vunop76vcr",
            "id": "e9bu95f74lo5625553r9",
            "labels": {},
            "name": "subnet-a",
            "network_id": "enp5v5ra55o0ije3schu",
            "route_table_id": "",
            "timeouts": null,
            "v4_cidr_blocks": [
              "10.128.0.0/24"
            ],
            "v6_cidr_blocks": [],
            "zone": "ru-central1-a"
          },
          "sensitive_attributes": [],
          "private": "eyJlMmJmYjczMC1lY2FhLTExZTYtOGY4OC0zNDM2M2JjN2M0YzAiOnsiY3JlYXRlIjoxODAwMDAwMDAwMDAsImRlbGV0ZSI6MTgwMDAwMDAwMDAwLCJ1cGRhdGUiOjE4MDAwMDAwMDAwMH19",
          "dependencies": [
            "yandex_vpc_network.network-external"
          ]
        }
      ]
    },
    {
      "mode": "managed",
      "type": "yandex_vpc_subnet",
      "name": "subnet-b",
      "provider": "provider[\"registry.terraform.io/yandex-cloud/yandex\"]",
      "instances": [
        {
          "schema_version": 0,
          "attributes": {
            "created_at": "2023-10-14T21:48:57Z",
            "description": "myNetwork-subnet-b description",
            "dhcp_options": [],
            "folder_id": "b1gddp1e85vunop76vcr",
            "id": "e2lg54i1pkt0phgu77sl",
            "labels": {},
            "name": "subnet-b",
            "network_id": "enp5v5ra55o0ije3schu",
            "route_table_id": "",
            "timeouts": null,
            "v4_cidr_blocks": [
              "10.129.0.0/24"
            ],
            "v6_cidr_blocks": [],
            "zone": "ru-central1-b"
          },
          "sensitive_attributes": [],
          "private": "eyJlMmJmYjczMC1lY2FhLTExZTYtOGY4OC0zNDM2M2JjN2M0YzAiOnsiY3JlYXRlIjoxODAwMDAwMDAwMDAsImRlbGV0ZSI6MTgwMDAwMDAwMDAwLCJ1cGRhdGUiOjE4MDAwMDAwMDAwMH19",
          "dependencies": [
            "yandex_vpc_network.network-external"
          ]
        }
      ]
    },
    {
      "mode": "managed",
      "type": "yandex_vpc_subnet",
      "name": "subnet-internal-bastion",
      "provider": "provider[\"registry.terraform.io/yandex-cloud/yandex\"]",
      "instances": [
        {
          "schema_version": 0,
          "attributes": {
            "created_at": "2023-10-14T21:48:56Z",
            "description": "myNetwork-subnet description",
            "dhcp_options": [],
            "folder_id": "b1gddp1e85vunop76vcr",
            "id": "e9baorbr20ru2umoqa8g",
            "labels": {},
            "name": "subnet-internal-bastion",
            "network_id": "enp5v5ra55o0ije3schu",
            "route_table_id": "",
            "timeouts": null,
            "v4_cidr_blocks": [
              "10.130.0.0/24"
            ],
            "v6_cidr_blocks": [],
            "zone": "ru-central1-a"
          },
          "sensitive_attributes": [],
          "private": "eyJlMmJmYjczMC1lY2FhLTExZTYtOGY4OC0zNDM2M2JjN2M0YzAiOnsiY3JlYXRlIjoxODAwMDAwMDAwMDAsImRlbGV0ZSI6MTgwMDAwMDAwMDAwLCJ1cGRhdGUiOjE4MDAwMDAwMDAwMH19",
          "dependencies": [
            "yandex_vpc_network.network-external"
          ]
        }
      ]
    }
  ],
  "check_results": null
}
